// !$*UTF8*$!
{
	archiveVersion = 1;
	classes = {
	};
	objectVersion = 56;
	objects = {

/* Begin PBXBuildFile section */
		C1000001 /* CloudFileBrowserApp.swift in Sources */ = {isa = PBXBuildFile; fileRef = C0000001 /* CloudFileBrowserApp.swift */; };
		C1000002 /* AppState.swift in Sources */ = {isa = PBXBuildFile; fileRef = C0000002 /* AppState.swift */; };
		C1000003 /* CloudProvider.swift in Sources */ = {isa = PBXBuildFile; fileRef = C0000003 /* CloudProvider.swift */; };
		C1000004 /* FileItem.swift in Sources */ = {isa = PBXBuildFile; fileRef = C0000004 /* FileItem.swift */; };
		C1000005 /* AppError.swift in Sources */ = {isa = PBXBuildFile; fileRef = C0000005 /* AppError.swift */; };
		C1000006 /* CloudStorageService.swift in Sources */ = {isa = PBXBuildFile; fileRef = C0000006 /* CloudStorageService.swift */; };
		C1000007 /* GoogleDriveService.swift in Sources */ = {isa = PBXBuildFile; fileRef = C0000007 /* GoogleDriveService.swift */; };
		C1000008 /* DropboxService.swift in Sources */ = {isa = PBXBuildFile; fileRef = C0000008 /* DropboxService.swift */; };
		C1000009 /* OneDriveService.swift in Sources */ = {isa = PBXBuildFile; fileRef = C0000009 /* OneDriveService.swift */; };
		C1000010 /* AuthenticationManager.swift in Sources */ = {isa = PBXBuildFile; fileRef = C0000010 /* AuthenticationManager.swift */; };
		C1000011 /* FileListViewModel.swift in Sources */ = {isa = PBXBuildFile; fileRef = C0000011 /* FileListViewModel.swift */; };
		C1000012 /* ProvidersViewModel.swift in Sources */ = {isa = PBXBuildFile; fileRef = C0000012 /* ProvidersViewModel.swift */; };
		C1000013 /* ContentView.swift in Sources */ = {isa = PBXBuildFile; fileRef = C0000013 /* ContentView.swift */; };
		C1000014 /* ProvidersSetupView.swift in Sources */ = {isa = PBXBuildFile; fileRef = C0000014 /* ProvidersSetupView.swift */; };
		C1000015 /* ProvidersListView.swift in Sources */ = {isa = PBXBuildFile; fileRef = C0000015 /* ProvidersListView.swift */; };
		C1000016 /* FileListView.swift in Sources */ = {isa = PBXBuildFile; fileRef = C0000016 /* FileListView.swift */; };
		C1000017 /* FilePreviewView.swift in Sources */ = {isa = PBXBuildFile; fileRef = C0000017 /* FilePreviewView.swift */; };
		C1000018 /* Assets.xcassets in Resources */ = {isa = PBXBuildFile; fileRef = C0000018 /* Assets.xcassets */; };
		C1000019 /* Preview Assets.xcassets in Resources */ = {isa = PBXBuildFile; fileRef = C0000019 /* Preview Assets.xcassets */; };
/* End PBXBuildFile section */

/* Begin PBXFileReference section */
		C0000001 /* CloudFileBrowserApp.swift */ = {isa = PBXFileReference; lastKnownFileType = sourcecode.swift; path = CloudFileBrowserApp.swift; sourceTree = "<group>"; };
		C0000002 /* AppState.swift */ = {isa = PBXFileReference; lastKnownFileType = sourcecode.swift; path = AppState.swift; sourceTree = "<group>"; };
		C0000003 /* CloudProvider.swift */ = {isa = PBXFileReference; lastKnownFileType = sourcecode.swift; path = CloudProvider.swift; sourceTree = "<group>"; };
		C0000004 /* FileItem.swift */ = {isa = PBXFileReference; lastKnownFileType = sourcecode.swift; path = FileItem.swift; sourceTree = "<group>"; };
		C0000005 /* AppError.swift */ = {isa = PBXFileReference; lastKnownFileType = sourcecode.swift; path = AppError.swift; sourceTree = "<group>"; };
		C0000006 /* CloudStorageService.swift */ = {isa = PBXFileReference; lastKnownFileType = sourcecode.swift; path = CloudStorageService.swift; sourceTree = "<group>"; };
		C0000007 /* GoogleDriveService.swift */ = {isa = PBXFileReference; lastKnownFileType = sourcecode.swift; path = GoogleDriveService.swift; sourceTree = "<group>"; };
		C0000008 /* DropboxService.swift */ = {isa = PBXFileReference; lastKnownFileType = sourcecode.swift; path = DropboxService.swift; sourceTree = "<group>"; };
		C0000009 /* OneDriveService.swift */ = {isa = PBXFileReference; lastKnownFileType = sourcecode.swift; path = OneDriveService.swift; sourceTree = "<group>"; };
		C0000010 /* AuthenticationManager.swift */ = {isa = PBXFileReference; lastKnownFileType = sourcecode.swift; path = AuthenticationManager.swift; sourceTree = "<group>"; };
		C0000011 /* FileListViewModel.swift */ = {isa = PBXFileReference; lastKnownFileType = sourcecode.swift; path = FileListViewModel.swift; sourceTree = "<group>"; };
		C0000012 /* ProvidersViewModel.swift */ = {isa = PBXFileReference; lastKnownFileType = sourcecode.swift; path = ProvidersViewModel.swift; sourceTree = "<group>"; };
		C0000013 /* ContentView.swift */ = {isa = PBXFileReference; lastKnownFileType = sourcecode.swift; path = ContentView.swift; sourceTree = "<group>"; };
		C0000014 /* ProvidersSetupView.swift */ = {isa = PBXFileReference; lastKnownFileType = sourcecode.swift; path = ProvidersSetupView.swift; sourceTree = "<group>"; };
		C0000015 /* ProvidersListView.swift */ = {isa = PBXFileReference; lastKnownFileType = sourcecode.swift; path = ProvidersListView.swift; sourceTree = "<group>"; };
		C0000016 /* FileListView.swift */ = {isa = PBXFileReference; lastKnownFileType = sourcecode.swift; path = FileListView.swift; sourceTree = "<group>"; };
		C0000017 /* FilePreviewView.swift */ = {isa = PBXFileReference; lastKnownFileType = sourcecode.swift; path = FilePreviewView.swift; sourceTree = "<group>"; };
		C0000018 /* Assets.xcassets */ = {isa = PBXFileReference; lastKnownFileType = folder.assetcatalog; path = Assets.xcassets; sourceTree = "<group>"; };
		C0000019 /* Preview Assets.xcassets */ = {isa = PBXFileReference; lastKnownFileType = folder.assetcatalog; path = "Preview Assets.xcassets"; sourceTree = "<group>"; };
		C0000020 /* Info.plist */ = {isa = PBXFileReference; lastKnownFileType = text.plist.xml; path = Info.plist; sourceTree = "<group>"; };
		C0000100 /* CloudFileBrowser.app */ = {isa = PBXFileReference; explicitFileType = wrapper.application; includeInIndex = 0; path = CloudFileBrowser.app; sourceTree = BUILT_PRODUCTS_DIR; };
/* End PBXFileReference section */

/* Begin PBXFrameworksBuildPhase section */
		C1000100 /* Frameworks */ = {
			isa = PBXFrameworksBuildPhase;
			buildActionMask = 2147483647;
			files = (
			);
			runOnlyForDeploymentPostprocessing = 0;
		};
/* End PBXFrameworksBuildPhase section */

/* Begin PBXGroup section */
		C0000200 = {
			isa = PBXGroup;
			children = (
				C0000201 /* CloudFileBrowser */,
				C0000202 /* Products */,
			);
			sourceTree = "<group>";
		};
		C0000201 /* CloudFileBrowser */ = {
			isa = PBXGroup;
			children = (
				C0000203 /* Sources */,
				C0000204 /* Resources */,
				C0000205 /* Preview Content */,
				C0000020 /* Info.plist */,
			);
			path = CloudFileBrowser;
			sourceTree = "<group>";
		};
		C0000202 /* Products */ = {
			isa = PBXGroup;
			children = (
				C0000100 /* CloudFileBrowser.app */,
			);
			name = Products;
			sourceTree = "<group>";
		};
		C0000203 /* Sources */ = {
			isa = PBXGroup;
			children = (
				C0000206 /* App */,
				C0000207 /* Models */,
				C0000208 /* Views */,
				C0000209 /* ViewModels */,
				C0000210 /* Services */,
			);
			path = Sources;
			sourceTree = "<group>";
		};
		C0000204 /* Resources */ = {
			isa = PBXGroup;
			children = (
				C0000018 /* Assets.xcassets */,
			);
			path = Resources;
			sourceTree = "<group>";
		};
		C0000205 /* Preview Content */ = {
			isa = PBXGroup;
			children = (
				C0000019 /* Preview Assets.xcassets */,
			);
			path = "Preview Content";
			sourceTree = "<group>";
		};
		C0000206 /* App */ = {
			isa = PBXGroup;
			children = (
				C0000001 /* CloudFileBrowserApp.swift */,
				C0000002 /* AppState.swift */,
			);
			path = App;
			sourceTree = "<group>";
		};
		C0000207 /* Models */ = {
			isa = PBXGroup;
			children = (
				C0000003 /* CloudProvider.swift */,
				C0000004 /* FileItem.swift */,
				C0000005 /* AppError.swift */,
			);
			path = Models;
			sourceTree = "<group>";
		};
		C0000208 /* Views */ = {
			isa = PBXGroup;
			children = (
				C0000013 /* ContentView.swift */,
				C0000014 /* ProvidersSetupView.swift */,
				C0000015 /* ProvidersListView.swift */,
				C0000016 /* FileListView.swift */,
				C0000017 /* FilePreviewView.swift */,
			);
			path = Views;
			sourceTree = "<group>";
		};
		C0000209 /* ViewModels */ = {
			isa = PBXGroup;
			children = (
				C0000011 /* FileListViewModel.swift */,
				C0000012 /* ProvidersViewModel.swift */,
			);
			path = ViewModels;
			sourceTree = "<group>";
		};
		C0000210 /* Services */ = {
			isa = PBXGroup;
			children = (
				C0000006 /* CloudStorageService.swift */,
				C0000007 /* GoogleDriveService.swift */,
				C0000008 /* DropboxService.swift */,
				C0000009 /* OneDriveService.swift */,
				C0000010 /* AuthenticationManager.swift */,
			);
			path = Services;
			sourceTree = "<group>";
		};
/* End PBXGroup section */

/* Begin PBXNativeTarget section */
		C1000200 /* CloudFileBrowser */ = {
			isa = PBXNativeTarget;
			buildConfigurationList = C1000300 /* Build configuration list for PBXNativeTarget "CloudFileBrowser" */;
			buildPhases = (
				C1000100 /* Frameworks */,
				C1000101 /* Sources */,
				C1000102 /* Resources */,
			);
			buildRules = (
			);
			dependencies = (
			);
			name = CloudFileBrowser;
			productName = CloudFileBrowser;
			productReference = C0000100 /* CloudFileBrowser.app */;
			productType = "com.apple.product-type.application";
		};
/* End PBXNativeTarget section */

/* Begin PBXProject section */
		C1000400 /* Project object */ = {
			isa = PBXProject;
			attributes = {
				BuildIndependentTargetsInParallel = 1;
				LastSwiftUpdateCheck = 1500;
				LastUpgradeCheck = 1500;
				TargetAttributes = {
					C1000200 = {
						CreatedOnToolsVersion = 15.0;
					};
				};
			};
			buildConfigurationList = C1000500 /* Build configuration list for PBXProject "CloudFileBrowser" */;
			compatibilityVersion = "Xcode 14.0";
			developmentRegion = en;
			hasScannedForEncodings = 0;
			knownRegions = (
				en,
				Base,
			);
			mainGroup = C0000200;
			productRefGroup = C0000202 /* Products */;
			projectDirPath = "";
			projectRoot = "";
			targets = (
				C1000200 /* CloudFileBrowser */,
			);
		};
/* End PBXProject section */

/* Begin PBXResourcesBuildPhase section */
		C1000102 /* Resources */ = {
			isa = PBXResourcesBuildPhase;
			buildActionMask = 2147483647;
			files = (
				C1000018 /* Assets.xcassets in Resources */,
				C1000019 /* Preview Assets.xcassets in Resources */,
			);
			runOnlyForDeploymentPostprocessing = 0;
		};
/* End PBXResourcesBuildPhase section */

/* Begin PBXSourcesBuildPhase section */
		C1000101 /* Sources */ = {
			isa = PBXSourcesBuildPhase;
			buildActionMask = 2147483647;
			files = (
				C1000001 /* CloudFileBrowserApp.swift in Sources */,
				C1000002 /* AppState.swift in Sources */,
				C1000003 /* CloudProvider.swift in Sources */,
				C1000004 /* FileItem.swift in Sources */,
				C1000005 /* AppError.swift in Sources */,
				C1000006 /* CloudStorageService.swift in Sources */,
				C1000007 /* GoogleDriveService.swift in Sources */,
				C1000008 /* DropboxService.swift in Sources */,
				C1000009 /* OneDriveService.swift in Sources */,
				C1000010 /* AuthenticationManager.swift in Sources */,
				C1000011 /* FileListViewModel.swift in Sources */,
				C1000012 /* ProvidersViewModel.swift in Sources */,
				C1000013 /* ContentView.swift in Sources */,
				C1000014 /* ProvidersSetupView.swift in Sources */,
				C1000015 /* ProvidersListView.swift in Sources */,
				C1000016 /* FileListView.swift in Sources */,
				C1000017 /* FilePreviewView.swift in Sources */,
			);
			runOnlyForDeploymentPostprocessing = 0;
		};
/* End PBXSourcesBuildPhase section */

/* Begin XCBuildConfiguration section */
		C1000600 /* Debug */ = {
			isa = XCBuildConfiguration;
			buildSettings = {
				ALWAYS_SEARCH_USER_PATHS = NO;
				ASSETCATALOG_COMPILER_GENERATE_SWIFT_ASSET_SYMBOL_EXTENSIONS = YES;
				CLANG_ANALYZER_NONNULL = YES;
				CLANG_ANALYZER_NUMBER_OBJECT_CONVERSION = YES_AGGRESSIVE;
				CLANG_CXX_LANGUAGE_STANDARD = "gnu++20";
				CLANG_ENABLE_MODULES = YES;
				CLANG_ENABLE_OBJC_ARC = YES;
				CLANG_ENABLE_OBJC_WEAK = YES;
				CLANG_WARN_BLOCK_CAPTURE_AUTORELEASING = YES;
				CLANG_WARN_BOOL_CONVERSION = YES;
				CLANG_WARN_COMMA = YES;
				CLANG_WARN_CONSTANT_CONVERSION = YES;
				CLANG_WARN_DEPRECATED_OBJC_IMPLEMENTATIONS = YES;
				CLANG_WARN_DIRECT_OBJC_ISA_USAGE = YES_ERROR;
				CLANG_WARN_DOCUMENTATION_COMMENTS = YES;
				CLANG_WARN_EMPTY_BODY = YES;
				CLANG_WARN_ENUM_CONVERSION = YES;
				CLANG_WARN_INFINITE_RECURSION = YES;
				CLANG_WARN_INT_CONVERSION = YES;
				CLANG_WARN_NON_LITERAL_NULL_CONVERSION = YES;
				CLANG_WARN_OBJC_IMPLICIT_RETAIN_SELF = YES;
				CLANG_WARN_OBJC_LITERAL_CONVERSION = YES;
				CLANG_WARN_OBJC_ROOT_CLASS = YES_ERROR;
				CLANG_WARN_QUOTED_INCLUDE_IN_FRAMEWORK_HEADER = YES;
				CLANG_WARN_RANGE_LOOP_ANALYSIS = YES;
				CLANG_WARN_STRICT_PROTOTYPES = YES;
				CLANG_WARN_SUSPICIOUS_MOVE = YES;
				CLANG_WARN_UNGUARDED_AVAILABILITY = YES_AGGRESSIVE;
				CLANG_WARN_UNREACHABLE_CODE = YES;
				CLANG_WARN__DUPLICATE_METHOD_MATCH = YES;
				COPY_PHASE_STRIP = NO;
				DEBUG_INFORMATION_FORMAT = dwarf;
				ENABLE_STRICT_OBJC_MSGSEND = YES;
				ENABLE_TESTABILITY = YES;
				ENABLE_USER_SCRIPT_SANDBOXING = YES;
				GCC_C_LANGUAGE_STANDARD = gnu17;
				GCC_DYNAMIC_NO_PIC = NO;
				GCC_NO_COMMON_BLOCKS = YES;
				GCC_OPTIMIZATION_LEVEL = 0;
				GCC_PREPROCESSOR_DEFINITIONS = (
					"DEBUG=1",
					"$(inherited)",
				);
				GCC_WARN_64_TO_32_BIT_CONVERSION = YES;
				GCC_WARN_ABOUT_RETURN_TYPE = YES_ERROR;
				GCC_WARN_UNDECLARED_SELECTOR = YES;
				GCC_WARN_UNINITIALIZED_AUTOS = YES_AGGRESSIVE;
				GCC_WARN_UNUSED_FUNCTION = YES;
				GCC_WARN_UNUSED_VARIABLE = YES;
				IPHONEOS_DEPLOYMENT_TARGET = 15.0;
				LOCALIZATION_PREFERS_STRING_CATALOGS = YES;
				MTL_ENABLE_DEBUG_INFO = INCLUDE_SOURCE;
				MTL_FAST_MATH = YES;
				ONLY_ACTIVE_ARCH = YES;
				SDKROOT = iphoneos;
				SWIFT_ACTIVE_COMPILATION_CONDITIONS = "DEBUG $(inherited)";
				SWIFT_OPTIMIZATION_LEVEL = "-Onone";
			};
			name = Debug;
		};
		C1000601 /* Release */ = {
			isa = XCBuildConfiguration;
			buildSettings = {
				ALWAYS_SEARCH_USER_PATHS = NO;
				ASSETCATALOG_COMPILER_GENERATE_SWIFT_ASSET_SYMBOL_EXTENSIONS = YES;
				CLANG_ANALYZER_NONNULL = YES;
				CLANG_ANALYZER_NUMBER_OBJECT_CONVERSION = YES_AGGRESSIVE;
				CLANG_CXX_LANGUAGE_STANDARD = "gnu++20";
				CLANG_ENABLE_MODULES = YES;
				CLANG_ENABLE_OBJC_ARC = YES;
				CLANG_ENABLE_OBJC_WEAK = YES;
				CLANG_WARN_BLOCK_CAPTURE_AUTORELEASING = YES;
				CLANG_WARN_BOOL_CONVERSION = YES;
				CLANG_WARN_COMMA = YES;
				CLANG_WARN_CONSTANT_CONVERSION = YES;
				CLANG_WARN_DEPRECATED_OBJC_IMPLEMENTATIONS = YES;
				CLANG_WARN_DIRECT_OBJC_ISA_USAGE = YES_ERROR;
				CLANG_WARN_DOCUMENTATION_COMMENTS = YES;
				CLANG_WARN_EMPTY_BODY = YES;
				CLANG_WARN_ENUM_CONVERSION = YES;
				CLANG_WARN_INFINITE_RECURSION = YES;
				CLANG_WARN_INT_CONVERSION = YES;
				CLANG_WARN_NON_LITERAL_NULL_CONVERSION = YES;
				CLANG_WARN_OBJC_IMPLICIT_RETAIN_SELF = YES;
				CLANG_WARN_OBJC_LITERAL_CONVERSION = YES;
				CLANG_WARN_OBJC_ROOT_CLASS = YES_ERROR;
				CLANG_WARN_QUOTED_INCLUDE_IN_FRAMEWORK_HEADER = YES;
				CLANG_WARN_RANGE_LOOP_ANALYSIS = YES;
				CLANG_WARN_STRICT_PROTOTYPES = YES;
				CLANG_WARN_SUSPICIOUS_MOVE = YES;
				CLANG_WARN_UNGUARDED_AVAILABILITY = YES_AGGRESSIVE;
				CLANG_WARN_UNREACHABLE_CODE = YES;
				CLANG_WARN__DUPLICATE_METHOD_MATCH = YES;
				COPY_PHASE_STRIP = NO;
				DEBUG_INFORMATION_FORMAT = "dwarf-with-dsym";
				ENABLE_NS_ASSERTIONS = NO;
				ENABLE_STRICT_OBJC_MSGSEND = YES;
				ENABLE_USER_SCRIPT_SANDBOXING = YES;
				GCC_C_LANGUAGE_STANDARD = gnu17;
				GCC_NO_COMMON_BLOCKS = YES;
				GCC_WARN_64_TO_32_BIT_CONVERSION = YES;
				GCC_WARN_ABOUT_RETURN_TYPE = YES_ERROR;
				GCC_WARN_UNDECLARED_SELECTOR = YES;
				GCC_WARN_UNINITIALIZED_AUTOS = YES_AGGRESSIVE;
				GCC_WARN_UNUSED_FUNCTION = YES;
				GCC_WARN_UNUSED_VARIABLE = YES;
				IPHONEOS_DEPLOYMENT_TARGET = 15.0;
				LOCALIZATION_PREFERS_STRING_CATALOGS = YES;
				MTL_ENABLE_DEBUG_INFO = NO;
				MTL_FAST_MATH = YES;
				SDKROOT = iphoneos;
				SWIFT_COMPILATION_MODE = wholemodule;
				VALIDATE_PRODUCT = YES;
			};
			name = Release;
		};
		C1000602 /* Debug */ = {
			isa = XCBuildConfiguration;
			buildSettings = {
				ASSETCATALOG_COMPILER_APPICON_NAME = AppIcon;
				ASSETCATALOG_COMPILER_GLOBAL_ACCENT_COLOR_NAME = AccentColor;
				CODE_SIGN_STYLE = Automatic;
				CURRENT_PROJECT_VERSION = 1;
				DEVELOPMENT_ASSET_PATHS = "\"CloudFileBrowser/Preview Content\"";
				ENABLE_PREVIEWS = YES;
				GENERATE_INFOPLIST_FILE = NO;
				INFOPLIST_FILE = CloudFileBrowser/Info.plist;
				INFOPLIST_KEY_UIApplicationSceneManifest_Generation = YES;
				INFOPLIST_KEY_UIApplicationSupportsIndirectInputEvents = YES;
				INFOPLIST_KEY_UILaunchScreen_Generation = YES;
				INFOPLIST_KEY_UISupportedInterfaceOrientations_iPad = "UIInterfaceOrientationPortrait UIInterfaceOrientationPortraitUpsideDown UIInterfaceOrientationLandscapeLeft UIInterfaceOrientationLandscapeRight";
				INFOPLIST_KEY_UISupportedInterfaceOrientations_iPhone = "UIInterfaceOrientationPortrait UIInterfaceOrientationLandscapeLeft UIInterfaceOrientationLandscapeRight";
				IPHONEOS_DEPLOYMENT_TARGET = 15.0;
				LD_RUNPATH_SEARCH_PATHS = (
					"$(inherited)",
					"@executable_path/Frameworks",
				);
				MARKETING_VERSION = 1.0;
				PRODUCT_BUNDLE_IDENTIFIER = com.cloudfiles.CloudFileBrowser;
				PRODUCT_NAME = "$(TARGET_NAME)";
				SWIFT_EMIT_LOC_STRINGS = YES;
				SWIFT_VERSION = 5.0;
				TARGETED_DEVICE_FAMILY = "1,2";
			};
			name = Debug;
		};
		C1000603 /* Release */ = {
			isa = XCBuildConfiguration;
			buildSettings = {
				ASSETCATALOG_COMPILER_APPICON_NAME = AppIcon;
				ASSETCATALOG_COMPILER_GLOBAL_ACCENT_COLOR_NAME = AccentColor;
				CODE_SIGN_STYLE = Automatic;
				CURRENT_PROJECT_VERSION = 1;
				DEVELOPMENT_ASSET_PATHS = "\"CloudFileBrowser/Preview Content\"";
				ENABLE_PREVIEWS = YES;
				GENERATE_INFOPLIST_FILE = NO;
				INFOPLIST_FILE = CloudFileBrowser/Info.plist;
				INFOPLIST_KEY_UIApplicationSceneManifest_Generation = YES;
				INFOPLIST_KEY_UIApplicationSupportsIndirectInputEvents = YES;
				INFOPLIST_KEY_UILaunchScreen_Generation = YES;
				INFOPLIST_KEY_UISupportedInterfaceOrientations_iPad = "UIInterfaceOrientationPortrait UIInterfaceOrientationPortraitUpsideDown UIInterfaceOrientationLandscapeLeft UIInterfaceOrientationLandscapeRight";
				INFOPLIST_KEY_UISupportedInterfaceOrientations_iPhone = "UIInterfaceOrientationPortrait UIInterfaceOrientationLandscapeLeft UIInterfaceOrientationLandscapeRight";
				IPHONEOS_DEPLOYMENT_TARGET = 15.0;
				LD_RUNPATH_SEARCH_PATHS = (
					"$(inherited)",
					"@executable_path/Frameworks",
				);
				MARKETING_VERSION = 1.0;
				PRODUCT_BUNDLE_IDENTIFIER = com.cloudfiles.CloudFileBrowser;
				PRODUCT_NAME = "$(TARGET_NAME)";
				SWIFT_EMIT_LOC_STRINGS = YES;
				SWIFT_VERSION = 5.0;
				TARGETED_DEVICE_FAMILY = "1,2";
			};
			name = Release;
		};
/* End XCBuildConfiguration section */

/* Begin XCConfigurationList section */
		C1000300 /* Build configuration list for PBXNativeTarget "CloudFileBrowser" */ = {
			isa = XCConfigurationList;
			buildConfigurations = (
				C1000602 /* Debug */,
				C1000603 /* Release */,
			);
			defaultConfigurationIsVisible = 0;
			defaultConfigurationName = Release;
		};
		C1000500 /* Build configuration list for PBXProject "CloudFileBrowser" */ = {
			isa = XCConfigurationList;
			buildConfigurations = (
				C1000600 /* Debug */,
				C1000601 /* Release */,
			);
			defaultConfigurationIsVisible = 0;
			defaultConfigurationName = Release;
		};
/* End XCConfigurationList section */
	};
	rootObject = C1000400 /* Project object */;
}
